// !$*UTF8*$!
{
	archiveVersion = 1;
	classes = {
	};
	objectVersion = 46;
	objects = {

/* Begin PBXBuildFile section */
		1F2B38DF1C5EDDEB00ACBD09 /* AppDelegate.swift in Sources */ = {isa = PBXBuildFile; fileRef = 1F2B38DE1C5EDDEB00ACBD09 /* AppDelegate.swift */; };
		1F2B38E41C5EDDEB00ACBD09 /* Main.storyboard in Resources */ = {isa = PBXBuildFile; fileRef = 1F2B38E21C5EDDEB00ACBD09 /* Main.storyboard */; };
		1F2B38E61C5EDDEB00ACBD09 /* Assets.xcassets in Resources */ = {isa = PBXBuildFile; fileRef = 1F2B38E51C5EDDEB00ACBD09 /* Assets.xcassets */; };
		1F2B38E91C5EDDEB00ACBD09 /* LaunchScreen.storyboard in Resources */ = {isa = PBXBuildFile; fileRef = 1F2B38E71C5EDDEB00ACBD09 /* LaunchScreen.storyboard */; };
		1F2B38F51C5EDDF800ACBD09 /* Crawl.swift in Sources */ = {isa = PBXBuildFile; fileRef = 1F2B38F01C5EDDF800ACBD09 /* Crawl.swift */; };
		1F2B38F61C5EDDF800ACBD09 /* CrawlView.swift in Sources */ = {isa = PBXBuildFile; fileRef = 1F2B38F11C5EDDF800ACBD09 /* CrawlView.swift */; };
		1F2B38F71C5EDDF800ACBD09 /* CrawlViewController.swift in Sources */ = {isa = PBXBuildFile; fileRef = 1F2B38F21C5EDDF800ACBD09 /* CrawlViewController.swift */; };
		1F2B38F81C5EDDF800ACBD09 /* LongTimeView.swift in Sources */ = {isa = PBXBuildFile; fileRef = 1F2B38F31C5EDDF800ACBD09 /* LongTimeView.swift */; };
		1F2B38F91C5EDDF800ACBD09 /* StarView.swift in Sources */ = {isa = PBXBuildFile; fileRef = 1F2B38F41C5EDDF800ACBD09 /* StarView.swift */; };
		1F4206EE1C6061A800594F2C /* ManagedCrawl+CoreDataProperties.swift in Sources */ = {isa = PBXBuildFile; fileRef = 1F4206EC1C6061A800594F2C /* ManagedCrawl+CoreDataProperties.swift */; };
		1F4206EF1C6061A800594F2C /* ManagedCrawl.swift in Sources */ = {isa = PBXBuildFile; fileRef = 1F4206ED1C6061A800594F2C /* ManagedCrawl.swift */; };
		1F4206F11C60664400594F2C /* CrawlError.swift in Sources */ = {isa = PBXBuildFile; fileRef = 1F4206F01C60664400594F2C /* CrawlError.swift */; };
		1F62AC021C604BDE00F1DFBC /* Lorem.plist in Resources */ = {isa = PBXBuildFile; fileRef = 1F62AC011C604BDE00F1DFBC /* Lorem.plist */; };
		1F62AC041C604D1D00F1DFBC /* AppCoordinator.swift in Sources */ = {isa = PBXBuildFile; fileRef = 1F62AC031C604D1D00F1DFBC /* AppCoordinator.swift */; };
		1F62AC0A1C6051DF00F1DFBC /* CrawlFormatter.swift in Sources */ = {isa = PBXBuildFile; fileRef = 1F62AC091C6051DF00F1DFBC /* CrawlFormatter.swift */; };
		1F62AC0D1C60534000F1DFBC /* CrawlModel.xcdatamodeld in Sources */ = {isa = PBXBuildFile; fileRef = 1F62AC0B1C60534000F1DFBC /* CrawlModel.xcdatamodeld */; };
		1F62AC0F1C6055B000F1DFBC /* CrawlStore.swift in Sources */ = {isa = PBXBuildFile; fileRef = 1F62AC0E1C6055B000F1DFBC /* CrawlStore.swift */; };
		1F8A17621C60FDB60083B277 /* UnmanagedConvertible.swift in Sources */ = {isa = PBXBuildFile; fileRef = 1F8A17611C60FDB60083B277 /* UnmanagedConvertible.swift */; };
		1F8A17661C612E880083B277 /* CrawlListViewController.swift in Sources */ = {isa = PBXBuildFile; fileRef = 1F8A17651C612E880083B277 /* CrawlListViewController.swift */; };
		1F8A17691C6131850083B277 /* RxSwift.framework in Frameworks */ = {isa = PBXBuildFile; fileRef = 1F8A17681C6131850083B277 /* RxSwift.framework */; };
		1F8A176B1C61318B0083B277 /* RxCocoa.framework in Frameworks */ = {isa = PBXBuildFile; fileRef = 1F8A176A1C61318B0083B277 /* RxCocoa.framework */; };
		1F8A176D1C6131900083B277 /* RxDataSources.framework in Frameworks */ = {isa = PBXBuildFile; fileRef = 1F8A176C1C6131900083B277 /* RxDataSources.framework */; };
		1F8A17701C6131B10083B277 /* CrawlListViewModel.swift in Sources */ = {isa = PBXBuildFile; fileRef = 1F8A176F1C6131B10083B277 /* CrawlListViewModel.swift */; };
		1F8A17731C6148FD0083B277 /* Presentation.storyboard in Resources */ = {isa = PBXBuildFile; fileRef = 1F8A17711C6148FD0083B277 /* Presentation.storyboard */; };
/* End PBXBuildFile section */

/* Begin PBXFileReference section */
		1F2B38DB1C5EDDEB00ACBD09 /* Crawl.app */ = {isa = PBXFileReference; explicitFileType = wrapper.application; includeInIndex = 0; path = Crawl.app; sourceTree = BUILT_PRODUCTS_DIR; };
		1F2B38DE1C5EDDEB00ACBD09 /* AppDelegate.swift */ = {isa = PBXFileReference; lastKnownFileType = sourcecode.swift; path = AppDelegate.swift; sourceTree = "<group>"; };
		1F2B38E31C5EDDEB00ACBD09 /* Base */ = {isa = PBXFileReference; lastKnownFileType = file.storyboard; name = Base; path = Base.lproj/Main.storyboard; sourceTree = "<group>"; };
		1F2B38E51C5EDDEB00ACBD09 /* Assets.xcassets */ = {isa = PBXFileReference; lastKnownFileType = folder.assetcatalog; path = Assets.xcassets; sourceTree = "<group>"; };
		1F2B38E81C5EDDEB00ACBD09 /* Base */ = {isa = PBXFileReference; lastKnownFileType = file.storyboard; name = Base; path = Base.lproj/LaunchScreen.storyboard; sourceTree = "<group>"; };
		1F2B38EA1C5EDDEB00ACBD09 /* Info.plist */ = {isa = PBXFileReference; lastKnownFileType = text.plist.xml; path = Info.plist; sourceTree = "<group>"; };
		1F2B38F01C5EDDF800ACBD09 /* Crawl.swift */ = {isa = PBXFileReference; fileEncoding = 4; lastKnownFileType = sourcecode.swift; path = Crawl.swift; sourceTree = "<group>"; };
		1F2B38F11C5EDDF800ACBD09 /* CrawlView.swift */ = {isa = PBXFileReference; fileEncoding = 4; lastKnownFileType = sourcecode.swift; path = CrawlView.swift; sourceTree = "<group>"; };
		1F2B38F21C5EDDF800ACBD09 /* CrawlViewController.swift */ = {isa = PBXFileReference; fileEncoding = 4; lastKnownFileType = sourcecode.swift; path = CrawlViewController.swift; sourceTree = "<group>"; };
		1F2B38F31C5EDDF800ACBD09 /* LongTimeView.swift */ = {isa = PBXFileReference; fileEncoding = 4; lastKnownFileType = sourcecode.swift; path = LongTimeView.swift; sourceTree = "<group>"; };
		1F2B38F41C5EDDF800ACBD09 /* StarView.swift */ = {isa = PBXFileReference; fileEncoding = 4; lastKnownFileType = sourcecode.swift; path = StarView.swift; sourceTree = "<group>"; };
		1F4206EC1C6061A800594F2C /* ManagedCrawl+CoreDataProperties.swift */ = {isa = PBXFileReference; fileEncoding = 4; lastKnownFileType = sourcecode.swift; path = "ManagedCrawl+CoreDataProperties.swift"; sourceTree = "<group>"; };
		1F4206ED1C6061A800594F2C /* ManagedCrawl.swift */ = {isa = PBXFileReference; fileEncoding = 4; lastKnownFileType = sourcecode.swift; path = ManagedCrawl.swift; sourceTree = "<group>"; };
		1F4206F01C60664400594F2C /* CrawlError.swift */ = {isa = PBXFileReference; fileEncoding = 4; lastKnownFileType = sourcecode.swift; path = CrawlError.swift; sourceTree = "<group>"; };
		1F62AC011C604BDE00F1DFBC /* Lorem.plist */ = {isa = PBXFileReference; fileEncoding = 4; lastKnownFileType = text.plist.xml; name = Lorem.plist; path = "Default Crawls/Lorem.plist"; sourceTree = "<group>"; };
		1F62AC031C604D1D00F1DFBC /* AppCoordinator.swift */ = {isa = PBXFileReference; fileEncoding = 4; lastKnownFileType = sourcecode.swift; path = AppCoordinator.swift; sourceTree = "<group>"; };
		1F62AC091C6051DF00F1DFBC /* CrawlFormatter.swift */ = {isa = PBXFileReference; fileEncoding = 4; lastKnownFileType = sourcecode.swift; path = CrawlFormatter.swift; sourceTree = "<group>"; };
		1F62AC0C1C60534000F1DFBC /* CrawlModel.xcdatamodel */ = {isa = PBXFileReference; lastKnownFileType = wrapper.xcdatamodel; path = CrawlModel.xcdatamodel; sourceTree = "<group>"; };
		1F62AC0E1C6055B000F1DFBC /* CrawlStore.swift */ = {isa = PBXFileReference; fileEncoding = 4; lastKnownFileType = sourcecode.swift; path = CrawlStore.swift; sourceTree = "<group>"; };
		1F8A17611C60FDB60083B277 /* UnmanagedConvertible.swift */ = {isa = PBXFileReference; fileEncoding = 4; lastKnownFileType = sourcecode.swift; path = UnmanagedConvertible.swift; sourceTree = "<group>"; };
		1F8A17651C612E880083B277 /* CrawlListViewController.swift */ = {isa = PBXFileReference; fileEncoding = 4; lastKnownFileType = sourcecode.swift; path = CrawlListViewController.swift; sourceTree = "<group>"; };
		1F8A17681C6131850083B277 /* RxSwift.framework */ = {isa = PBXFileReference; lastKnownFileType = wrapper.framework; name = RxSwift.framework; path = "Carthage/Checkouts/RxSwift/build/Debug-iphoneos/RxSwift.framework"; sourceTree = "<group>"; };
		1F8A176A1C61318B0083B277 /* RxCocoa.framework */ = {isa = PBXFileReference; lastKnownFileType = wrapper.framework; name = RxCocoa.framework; path = "Carthage/Checkouts/RxSwift/build/Debug-iphoneos/RxCocoa.framework"; sourceTree = "<group>"; };
		1F8A176C1C6131900083B277 /* RxDataSources.framework */ = {isa = PBXFileReference; lastKnownFileType = wrapper.framework; name = RxDataSources.framework; path = "Carthage/Checkouts/RxDataSources/build/Debug-iphoneos/RxDataSources.framework"; sourceTree = "<group>"; };
		1F8A176F1C6131B10083B277 /* CrawlListViewModel.swift */ = {isa = PBXFileReference; fileEncoding = 4; lastKnownFileType = sourcecode.swift; path = CrawlListViewModel.swift; sourceTree = "<group>"; };
		1F8A17721C6148FD0083B277 /* Base */ = {isa = PBXFileReference; lastKnownFileType = file.storyboard; name = Base; path = Base.lproj/Presentation.storyboard; sourceTree = "<group>"; };
/* End PBXFileReference section */

/* Begin PBXFrameworksBuildPhase section */
		1F2B38D81C5EDDEB00ACBD09 /* Frameworks */ = {
			isa = PBXFrameworksBuildPhase;
			buildActionMask = 2147483647;
			files = (
				1F8A176D1C6131900083B277 /* RxDataSources.framework in Frameworks */,
				1F8A176B1C61318B0083B277 /* RxCocoa.framework in Frameworks */,
				1F8A17691C6131850083B277 /* RxSwift.framework in Frameworks */,
			);
			runOnlyForDeploymentPostprocessing = 0;
		};
/* End PBXFrameworksBuildPhase section */

/* Begin PBXGroup section */
		1F2B38D21C5EDDEB00ACBD09 = {
			isa = PBXGroup;
			children = (
				1F2B38DD1C5EDDEB00ACBD09 /* Crawl */,
				1F2B38DC1C5EDDEB00ACBD09 /* Products */,
				1F8A176E1C6131950083B277 /* Frameworks */,
			);
			sourceTree = "<group>";
		};
		1F2B38DC1C5EDDEB00ACBD09 /* Products */ = {
			isa = PBXGroup;
			children = (
				1F2B38DB1C5EDDEB00ACBD09 /* Crawl.app */,
			);
			name = Products;
			sourceTree = "<group>";
		};
		1F2B38DD1C5EDDEB00ACBD09 /* Crawl */ = {
			isa = PBXGroup;
			children = (
				1F62AC081C60514800F1DFBC /* App */,
				1F8A17641C612E750083B277 /* Crawl List */,
				1F8A17631C612E200083B277 /* Crawl Presentation */,
				1F62AC051C6050EE00F1DFBC /* Model */,
				1F2B38E21C5EDDEB00ACBD09 /* Main.storyboard */,
				1F8A17711C6148FD0083B277 /* Presentation.storyboard */,
				1F2B38E51C5EDDEB00ACBD09 /* Assets.xcassets */,
				1F2B38E71C5EDDEB00ACBD09 /* LaunchScreen.storyboard */,
				1F2B38EA1C5EDDEB00ACBD09 /* Info.plist */,
			);
			path = Crawl;
			sourceTree = "<group>";
		};
		1F4206E71C60612E00594F2C /* Core Data */ = {
			isa = PBXGroup;
			children = (
				1F62AC0B1C60534000F1DFBC /* CrawlModel.xcdatamodeld */,
				1F4206EC1C6061A800594F2C /* ManagedCrawl+CoreDataProperties.swift */,
				1F4206ED1C6061A800594F2C /* ManagedCrawl.swift */,
			);
			name = "Core Data";
			sourceTree = "<group>";
		};
		1F62AC001C604B8B00F1DFBC /* Default Crawls */ = {
			isa = PBXGroup;
			children = (
				1F62AC011C604BDE00F1DFBC /* Lorem.plist */,
			);
			name = "Default Crawls";
			sourceTree = "<group>";
		};
		1F62AC051C6050EE00F1DFBC /* Model */ = {
			isa = PBXGroup;
			children = (
				1F8A174C1C60FDA70083B277 /* Shared */,
				1F62AC001C604B8B00F1DFBC /* Default Crawls */,
				1F4206E71C60612E00594F2C /* Core Data */,
				1F2B38F01C5EDDF800ACBD09 /* Crawl.swift */,
				1F62AC0E1C6055B000F1DFBC /* CrawlStore.swift */,
			);
			name = Model;
			sourceTree = "<group>";
		};
		1F62AC071C60511400F1DFBC /* View Model */ = {
			isa = PBXGroup;
			children = (
				1F62AC091C6051DF00F1DFBC /* CrawlFormatter.swift */,
			);
			name = "View Model";
			sourceTree = "<group>";
		};
		1F62AC081C60514800F1DFBC /* App */ = {
			isa = PBXGroup;
			children = (
				1F2B38DE1C5EDDEB00ACBD09 /* AppDelegate.swift */,
				1F62AC031C604D1D00F1DFBC /* AppCoordinator.swift */,
				1F4206F01C60664400594F2C /* CrawlError.swift */,
			);
			name = App;
			sourceTree = "<group>";
		};
		1F8A174C1C60FDA70083B277 /* Shared */ = {
			isa = PBXGroup;
			children = (
				1F8A17611C60FDB60083B277 /* UnmanagedConvertible.swift */,
			);
			name = Shared;
			sourceTree = "<group>";
		};
		1F8A17631C612E200083B277 /* Crawl Presentation */ = {
			isa = PBXGroup;
			children = (
				1F62AC071C60511400F1DFBC /* View Model */,
				1F2B38F21C5EDDF800ACBD09 /* CrawlViewController.swift */,
				1F2B38F11C5EDDF800ACBD09 /* CrawlView.swift */,
				1F2B38F31C5EDDF800ACBD09 /* LongTimeView.swift */,
				1F2B38F41C5EDDF800ACBD09 /* StarView.swift */,
			);
			name = "Crawl Presentation";
			sourceTree = "<group>";
		};
		1F8A17641C612E750083B277 /* Crawl List */ = {
			isa = PBXGroup;
			children = (
				1F8A17651C612E880083B277 /* CrawlListViewController.swift */,
				1F8A176F1C6131B10083B277 /* CrawlListViewModel.swift */,
			);
			name = "Crawl List";
			sourceTree = "<group>";
		};
		1F8A176E1C6131950083B277 /* Frameworks */ = {
			isa = PBXGroup;
			children = (
				1F8A176C1C6131900083B277 /* RxDataSources.framework */,
				1F8A176A1C61318B0083B277 /* RxCocoa.framework */,
				1F8A17681C6131850083B277 /* RxSwift.framework */,
			);
			name = Frameworks;
			sourceTree = "<group>";
		};
/* End PBXGroup section */

/* Begin PBXNativeTarget section */
		1F2B38DA1C5EDDEB00ACBD09 /* Crawl */ = {
			isa = PBXNativeTarget;
			buildConfigurationList = 1F2B38ED1C5EDDEB00ACBD09 /* Build configuration list for PBXNativeTarget "Crawl" */;
			buildPhases = (
				1F2B38D71C5EDDEB00ACBD09 /* Sources */,
				1F2B38D81C5EDDEB00ACBD09 /* Frameworks */,
				1F2B38D91C5EDDEB00ACBD09 /* Resources */,
			);
			buildRules = (
			);
			dependencies = (
			);
			name = Crawl;
			productName = Crawl;
			productReference = 1F2B38DB1C5EDDEB00ACBD09 /* Crawl.app */;
			productType = "com.apple.product-type.application";
		};
/* End PBXNativeTarget section */

/* Begin PBXProject section */
		1F2B38D31C5EDDEB00ACBD09 /* Project object */ = {
			isa = PBXProject;
			attributes = {
				LastSwiftUpdateCheck = 0720;
				LastUpgradeCheck = 0720;
				ORGANIZATIONNAME = "Claptrap, LLC";
				TargetAttributes = {
					1F2B38DA1C5EDDEB00ACBD09 = {
						CreatedOnToolsVersion = 7.2;
						DevelopmentTeam = 25ELC7FF69;
					};
				};
			};
			buildConfigurationList = 1F2B38D61C5EDDEB00ACBD09 /* Build configuration list for PBXProject "Crawl" */;
			compatibilityVersion = "Xcode 3.2";
			developmentRegion = English;
			hasScannedForEncodings = 0;
			knownRegions = (
				en,
				Base,
			);
			mainGroup = 1F2B38D21C5EDDEB00ACBD09;
			productRefGroup = 1F2B38DC1C5EDDEB00ACBD09 /* Products */;
			projectDirPath = "";
			projectRoot = "";
			targets = (
				1F2B38DA1C5EDDEB00ACBD09 /* Crawl */,
			);
		};
/* End PBXProject section */

/* Begin PBXResourcesBuildPhase section */
		1F2B38D91C5EDDEB00ACBD09 /* Resources */ = {
			isa = PBXResourcesBuildPhase;
			buildActionMask = 2147483647;
			files = (
				1F62AC021C604BDE00F1DFBC /* Lorem.plist in Resources */,
				1F8A17731C6148FD0083B277 /* Presentation.storyboard in Resources */,
				1F2B38E91C5EDDEB00ACBD09 /* LaunchScreen.storyboard in Resources */,
				1F2B38E61C5EDDEB00ACBD09 /* Assets.xcassets in Resources */,
				1F2B38E41C5EDDEB00ACBD09 /* Main.storyboard in Resources */,
			);
			runOnlyForDeploymentPostprocessing = 0;
		};
/* End PBXResourcesBuildPhase section */

/* Begin PBXSourcesBuildPhase section */
		1F2B38D71C5EDDEB00ACBD09 /* Sources */ = {
			isa = PBXSourcesBuildPhase;
			buildActionMask = 2147483647;
			files = (
				1F2B38F51C5EDDF800ACBD09 /* Crawl.swift in Sources */,
				1F2B38F61C5EDDF800ACBD09 /* CrawlView.swift in Sources */,
				1F2B38DF1C5EDDEB00ACBD09 /* AppDelegate.swift in Sources */,
				1F4206EF1C6061A800594F2C /* ManagedCrawl.swift in Sources */,
				1F8A17701C6131B10083B277 /* CrawlListViewModel.swift in Sources */,
				1F4206EE1C6061A800594F2C /* ManagedCrawl+CoreDataProperties.swift in Sources */,
				1F62AC041C604D1D00F1DFBC /* AppCoordinator.swift in Sources */,
				1F8A17661C612E880083B277 /* CrawlListViewController.swift in Sources */,
				1F62AC0D1C60534000F1DFBC /* CrawlModel.xcdatamodeld in Sources */,
				1F62AC0F1C6055B000F1DFBC /* CrawlStore.swift in Sources */,
				1F4206F11C60664400594F2C /* CrawlError.swift in Sources */,
				1F8A17621C60FDB60083B277 /* UnmanagedConvertible.swift in Sources */,
				1F62AC0A1C6051DF00F1DFBC /* CrawlFormatter.swift in Sources */,
				1F2B38F71C5EDDF800ACBD09 /* CrawlViewController.swift in Sources */,
				1F2B38F91C5EDDF800ACBD09 /* StarView.swift in Sources */,
				1F2B38F81C5EDDF800ACBD09 /* LongTimeView.swift in Sources */,
			);
			runOnlyForDeploymentPostprocessing = 0;
		};
/* End PBXSourcesBuildPhase section */

/* Begin PBXVariantGroup section */
		1F2B38E21C5EDDEB00ACBD09 /* Main.storyboard */ = {
			isa = PBXVariantGroup;
			children = (
				1F2B38E31C5EDDEB00ACBD09 /* Base */,
			);
			name = Main.storyboard;
			sourceTree = "<group>";
		};
		1F2B38E71C5EDDEB00ACBD09 /* LaunchScreen.storyboard */ = {
			isa = PBXVariantGroup;
			children = (
				1F2B38E81C5EDDEB00ACBD09 /* Base */,
			);
			name = LaunchScreen.storyboard;
			sourceTree = "<group>";
		};
		1F8A17711C6148FD0083B277 /* Presentation.storyboard */ = {
			isa = PBXVariantGroup;
			children = (
				1F8A17721C6148FD0083B277 /* Base */,
			);
			name = Presentation.storyboard;
			sourceTree = "<group>";
		};
/* End PBXVariantGroup section */

/* Begin XCBuildConfiguration section */
		1F2B38EB1C5EDDEB00ACBD09 /* Debug */ = {
			isa = XCBuildConfiguration;
			buildSettings = {
				ALWAYS_SEARCH_USER_PATHS = NO;
				CLANG_CXX_LANGUAGE_STANDARD = "gnu++0x";
				CLANG_CXX_LIBRARY = "libc++";
				CLANG_ENABLE_MODULES = YES;
				CLANG_ENABLE_OBJC_ARC = YES;
				CLANG_WARN_BOOL_CONVERSION = YES;
				CLANG_WARN_CONSTANT_CONVERSION = YES;
				CLANG_WARN_DIRECT_OBJC_ISA_USAGE = YES_ERROR;
				CLANG_WARN_EMPTY_BODY = YES;
				CLANG_WARN_ENUM_CONVERSION = YES;
				CLANG_WARN_INT_CONVERSION = YES;
				CLANG_WARN_OBJC_ROOT_CLASS = YES_ERROR;
				CLANG_WARN_UNREACHABLE_CODE = YES;
				CLANG_WARN__DUPLICATE_METHOD_MATCH = YES;
				"CODE_SIGN_IDENTITY[sdk=iphoneos*]" = "iPhone Developer";
				COPY_PHASE_STRIP = NO;
				DEBUG_INFORMATION_FORMAT = dwarf;
				ENABLE_STRICT_OBJC_MSGSEND = YES;
				ENABLE_TESTABILITY = YES;
				GCC_C_LANGUAGE_STANDARD = gnu99;
				GCC_DYNAMIC_NO_PIC = NO;
				GCC_NO_COMMON_BLOCKS = YES;
				GCC_OPTIMIZATION_LEVEL = 0;
				GCC_PREPROCESSOR_DEFINITIONS = (
					"DEBUG=1",
					"$(inherited)",
				);
				GCC_WARN_64_TO_32_BIT_CONVERSION = YES;
				GCC_WARN_ABOUT_RETURN_TYPE = YES_ERROR;
				GCC_WARN_UNDECLARED_SELECTOR = YES;
				GCC_WARN_UNINITIALIZED_AUTOS = YES_AGGRESSIVE;
				GCC_WARN_UNUSED_FUNCTION = YES;
				GCC_WARN_UNUSED_VARIABLE = YES;
				IPHONEOS_DEPLOYMENT_TARGET = 9.2;
				MTL_ENABLE_DEBUG_INFO = YES;
				ONLY_ACTIVE_ARCH = YES;
				SDKROOT = iphoneos;
				SWIFT_OPTIMIZATION_LEVEL = "-Onone";
				TARGETED_DEVICE_FAMILY = "1,2";
			};
			name = Debug;
		};
		1F2B38EC1C5EDDEB00ACBD09 /* Release */ = {
			isa = XCBuildConfiguration;
			buildSettings = {
				ALWAYS_SEARCH_USER_PATHS = NO;
				CLANG_CXX_LANGUAGE_STANDARD = "gnu++0x";
				CLANG_CXX_LIBRARY = "libc++";
				CLANG_ENABLE_MODULES = YES;
				CLANG_ENABLE_OBJC_ARC = YES;
				CLANG_WARN_BOOL_CONVERSION = YES;
				CLANG_WARN_CONSTANT_CONVERSION = YES;
				CLANG_WARN_DIRECT_OBJC_ISA_USAGE = YES_ERROR;
				CLANG_WARN_EMPTY_BODY = YES;
				CLANG_WARN_ENUM_CONVERSION = YES;
				CLANG_WARN_INT_CONVERSION = YES;
				CLANG_WARN_OBJC_ROOT_CLASS = YES_ERROR;
				CLANG_WARN_UNREACHABLE_CODE = YES;
				CLANG_WARN__DUPLICATE_METHOD_MATCH = YES;
				"CODE_SIGN_IDENTITY[sdk=iphoneos*]" = "iPhone Developer";
				COPY_PHASE_STRIP = NO;
				DEBUG_INFORMATION_FORMAT = "dwarf-with-dsym";
				ENABLE_NS_ASSERTIONS = NO;
				ENABLE_STRICT_OBJC_MSGSEND = YES;
				GCC_C_LANGUAGE_STANDARD = gnu99;
				GCC_NO_COMMON_BLOCKS = YES;
				GCC_WARN_64_TO_32_BIT_CONVERSION = YES;
				GCC_WARN_ABOUT_RETURN_TYPE = YES_ERROR;
				GCC_WARN_UNDECLARED_SELECTOR = YES;
				GCC_WARN_UNINITIALIZED_AUTOS = YES_AGGRESSIVE;
				GCC_WARN_UNUSED_FUNCTION = YES;
				GCC_WARN_UNUSED_VARIABLE = YES;
				IPHONEOS_DEPLOYMENT_TARGET = 9.2;
				MTL_ENABLE_DEBUG_INFO = NO;
				SDKROOT = iphoneos;
				TARGETED_DEVICE_FAMILY = "1,2";
				VALIDATE_PRODUCT = YES;
			};
			name = Release;
		};
		1F2B38EE1C5EDDEB00ACBD09 /* Debug */ = {
			isa = XCBuildConfiguration;
			buildSettings = {
				ASSETCATALOG_COMPILER_APPICON_NAME = AppIcon;
				CODE_SIGN_IDENTITY = "iPhone Developer";
				"CODE_SIGN_IDENTITY[sdk=iphoneos*]" = "iPhone Developer";
				FRAMEWORK_SEARCH_PATHS = (
					"$(inherited)",
					"$(PROJECT_DIR)/Carthage/Checkouts/RxSwift/build/Debug-iphoneos",
					"$(PROJECT_DIR)/Carthage/Checkouts/RxDataSources/build/Debug-iphoneos",
				);
				INFOPLIST_FILE = Crawl/Info.plist;
				LD_RUNPATH_SEARCH_PATHS = "$(inherited) @executable_path/Frameworks";
				PRODUCT_BUNDLE_IDENTIFIER = io.claptrap.Crawl;
				PRODUCT_NAME = "$(TARGET_NAME)";
				PROVISIONING_PROFILE = "";
			};
			name = Debug;
		};
		1F2B38EF1C5EDDEB00ACBD09 /* Release */ = {
			isa = XCBuildConfiguration;
			buildSettings = {
				ASSETCATALOG_COMPILER_APPICON_NAME = AppIcon;
				CODE_SIGN_IDENTITY = "iPhone Developer";
				"CODE_SIGN_IDENTITY[sdk=iphoneos*]" = "iPhone Developer";
				FRAMEWORK_SEARCH_PATHS = (
					"$(inherited)",
					"$(PROJECT_DIR)/Carthage/Checkouts/RxSwift/build/Debug-iphoneos",
					"$(PROJECT_DIR)/Carthage/Checkouts/RxDataSources/build/Debug-iphoneos",
				);
				INFOPLIST_FILE = Crawl/Info.plist;
				LD_RUNPATH_SEARCH_PATHS = "$(inherited) @executable_path/Frameworks";
				PRODUCT_BUNDLE_IDENTIFIER = io.claptrap.Crawl;
				PRODUCT_NAME = "$(TARGET_NAME)";
				PROVISIONING_PROFILE = "";
			};
			name = Release;
		};
/* End XCBuildConfiguration section */

/* Begin XCConfigurationList section */
		1F2B38D61C5EDDEB00ACBD09 /* Build configuration list for PBXProject "Crawl" */ = {
			isa = XCConfigurationList;
			buildConfigurations = (
				1F2B38EB1C5EDDEB00ACBD09 /* Debug */,
				1F2B38EC1C5EDDEB00ACBD09 /* Release */,
			);
			defaultConfigurationIsVisible = 0;
			defaultConfigurationName = Release;
		};
		1F2B38ED1C5EDDEB00ACBD09 /* Build configuration list for PBXNativeTarget "Crawl" */ = {
			isa = XCConfigurationList;
			buildConfigurations = (
				1F2B38EE1C5EDDEB00ACBD09 /* Debug */,
				1F2B38EF1C5EDDEB00ACBD09 /* Release */,
			);
			defaultConfigurationIsVisible = 0;
			defaultConfigurationName = Release;
		};
/* End XCConfigurationList section */

/* Begin XCVersionGroup section */
		1F62AC0B1C60534000F1DFBC /* CrawlModel.xcdatamodeld */ = {
			isa = XCVersionGroup;
			children = (
				1F62AC0C1C60534000F1DFBC /* CrawlModel.xcdatamodel */,
			);
			currentVersion = 1F62AC0C1C60534000F1DFBC /* CrawlModel.xcdatamodel */;
			path = CrawlModel.xcdatamodeld;
			sourceTree = "<group>";
			versionGroupType = wrapper.xcdatamodel;
		};
/* End XCVersionGroup section */
	};
	rootObject = 1F2B38D31C5EDDEB00ACBD09 /* Project object */;
}
